// !$*UTF8*$!
{
	archiveVersion = 1;
	classes = {
	};
	objectVersion = 46;
	objects = {

/* Begin PBXBuildFile section */
		F88D824F178C68AF00A6D093 /* UIKit.framework in Frameworks */ = {isa = PBXBuildFile; fileRef = F88D824E178C68AF00A6D093 /* UIKit.framework */; };
		F88D8251178C68AF00A6D093 /* Foundation.framework in Frameworks */ = {isa = PBXBuildFile; fileRef = F88D8250178C68AF00A6D093 /* Foundation.framework */; };
		F88D8253178C68AF00A6D093 /* CoreGraphics.framework in Frameworks */ = {isa = PBXBuildFile; fileRef = F88D8252178C68AF00A6D093 /* CoreGraphics.framework */; };
		F88D8259178C68AF00A6D093 /* InfoPlist.strings in Resources */ = {isa = PBXBuildFile; fileRef = F88D8257178C68AF00A6D093 /* InfoPlist.strings */; };
		F88D825B178C68AF00A6D093 /* main.m in Sources */ = {isa = PBXBuildFile; fileRef = F88D825A178C68AF00A6D093 /* main.m */; };
		F88D825F178C68AF00A6D093 /* TPAppDelegate.m in Sources */ = {isa = PBXBuildFile; fileRef = F88D825E178C68AF00A6D093 /* TPAppDelegate.m */; };
		F88D8261178C68AF00A6D093 /* Default.png in Resources */ = {isa = PBXBuildFile; fileRef = F88D8260178C68AF00A6D093 /* Default.png */; };
		F88D8263178C68AF00A6D093 /* Default@2x.png in Resources */ = {isa = PBXBuildFile; fileRef = F88D8262178C68AF00A6D093 /* Default@2x.png */; };
		F88D8265178C68AF00A6D093 /* Default-568h@2x.png in Resources */ = {isa = PBXBuildFile; fileRef = F88D8264178C68AF00A6D093 /* Default-568h@2x.png */; };
		F88D8268178C68AF00A6D093 /* MainStoryboard.storyboard in Resources */ = {isa = PBXBuildFile; fileRef = F88D8266178C68AF00A6D093 /* MainStoryboard.storyboard */; };
		F88D826B178C68AF00A6D093 /* TPViewController.m in Sources */ = {isa = PBXBuildFile; fileRef = F88D826A178C68AF00A6D093 /* TPViewController.m */; };
/* End PBXBuildFile section */

/* Begin PBXFileReference section */
		F88D824B178C68AF00A6D093 /* Matchisimo.app */ = {isa = PBXFileReference; explicitFileType = wrapper.application; includeInIndex = 0; path = Matchisimo.app; sourceTree = BUILT_PRODUCTS_DIR; };
		F88D824E178C68AF00A6D093 /* UIKit.framework */ = {isa = PBXFileReference; lastKnownFileType = wrapper.framework; name = UIKit.framework; path = System/Library/Frameworks/UIKit.framework; sourceTree = SDKROOT; };
		F88D8250178C68AF00A6D093 /* Foundation.framework */ = {isa = PBXFileReference; lastKnownFileType = wrapper.framework; name = Foundation.framework; path = System/Library/Frameworks/Foundation.framework; sourceTree = SDKROOT; };
		F88D8252178C68AF00A6D093 /* CoreGraphics.framework */ = {isa = PBXFileReference; lastKnownFileType = wrapper.framework; name = CoreGraphics.framework; path = System/Library/Frameworks/CoreGraphics.framework; sourceTree = SDKROOT; };
		F88D8256178C68AF00A6D093 /* Matchisimo-Info.plist */ = {isa = PBXFileReference; lastKnownFileType = text.plist.xml; path = "Matchisimo-Info.plist"; sourceTree = "<group>"; };
		F88D8258178C68AF00A6D093 /* en */ = {isa = PBXFileReference; lastKnownFileType = text.plist.strings; name = en; path = en.lproj/InfoPlist.strings; sourceTree = "<group>"; };
		F88D825A178C68AF00A6D093 /* main.m */ = {isa = PBXFileReference; lastKnownFileType = sourcecode.c.objc; path = main.m; sourceTree = "<group>"; };
		F88D825C178C68AF00A6D093 /* Matchisimo-Prefix.pch */ = {isa = PBXFileReference; lastKnownFileType = sourcecode.c.h; path = "Matchisimo-Prefix.pch"; sourceTree = "<group>"; };
		F88D825D178C68AF00A6D093 /* TPAppDelegate.h */ = {isa = PBXFileReference; lastKnownFileType = sourcecode.c.h; path = TPAppDelegate.h; sourceTree = "<group>"; };
		F88D825E178C68AF00A6D093 /* TPAppDelegate.m */ = {isa = PBXFileReference; lastKnownFileType = sourcecode.c.objc; path = TPAppDelegate.m; sourceTree = "<group>"; };
		F88D8260178C68AF00A6D093 /* Default.png */ = {isa = PBXFileReference; lastKnownFileType = image.png; path = Default.png; sourceTree = "<group>"; };
		F88D8262178C68AF00A6D093 /* Default@2x.png */ = {isa = PBXFileReference; lastKnownFileType = image.png; path = "Default@2x.png"; sourceTree = "<group>"; };
		F88D8264178C68AF00A6D093 /* Default-568h@2x.png */ = {isa = PBXFileReference; lastKnownFileType = image.png; path = "Default-568h@2x.png"; sourceTree = "<group>"; };
		F88D8267178C68AF00A6D093 /* en */ = {isa = PBXFileReference; lastKnownFileType = file.storyboard; name = en; path = en.lproj/MainStoryboard.storyboard; sourceTree = "<group>"; };
		F88D8269178C68AF00A6D093 /* TPViewController.h */ = {isa = PBXFileReference; lastKnownFileType = sourcecode.c.h; path = TPViewController.h; sourceTree = "<group>"; };
		F88D826A178C68AF00A6D093 /* TPViewController.m */ = {isa = PBXFileReference; lastKnownFileType = sourcecode.c.objc; path = TPViewController.m; sourceTree = "<group>"; };
/* End PBXFileReference section */

/* Begin PBXFrameworksBuildPhase section */
		F88D8248178C68AF00A6D093 /* Frameworks */ = {
			isa = PBXFrameworksBuildPhase;
			buildActionMask = 2147483647;
			files = (
				F88D824F178C68AF00A6D093 /* UIKit.framework in Frameworks */,
				F88D8251178C68AF00A6D093 /* Foundation.framework in Frameworks */,
				F88D8253178C68AF00A6D093 /* CoreGraphics.framework in Frameworks */,
			);
			runOnlyForDeploymentPostprocessing = 0;
		};
/* End PBXFrameworksBuildPhase section */

/* Begin PBXGroup section */
		F88D8242178C68AF00A6D093 = {
			isa = PBXGroup;
			children = (
				F88D8254178C68AF00A6D093 /* Matchisimo */,
				F88D824D178C68AF00A6D093 /* Frameworks */,
				F88D824C178C68AF00A6D093 /* Products */,
			);
			sourceTree = "<group>";
		};
		F88D824C178C68AF00A6D093 /* Products */ = {
			isa = PBXGroup;
			children = (
				F88D824B178C68AF00A6D093 /* Matchisimo.app */,
			);
			name = Products;
			sourceTree = "<group>";
		};
		F88D824D178C68AF00A6D093 /* Frameworks */ = {
			isa = PBXGroup;
			children = (
				F88D824E178C68AF00A6D093 /* UIKit.framework */,
				F88D8250178C68AF00A6D093 /* Foundation.framework */,
				F88D8252178C68AF00A6D093 /* CoreGraphics.framework */,
			);
			name = Frameworks;
			sourceTree = "<group>";
		};
		F88D8254178C68AF00A6D093 /* Matchisimo */ = {
			isa = PBXGroup;
			children = (
				F88D825D178C68AF00A6D093 /* TPAppDelegate.h */,
				F88D825E178C68AF00A6D093 /* TPAppDelegate.m */,
				F88D8266178C68AF00A6D093 /* MainStoryboard.storyboard */,
				F88D8269178C68AF00A6D093 /* TPViewController.h */,
				F88D826A178C68AF00A6D093 /* TPViewController.m */,
				F88D8255178C68AF00A6D093 /* Supporting Files */,
			);
			path = Matchisimo;
			sourceTree = "<group>";
		};
		F88D8255178C68AF00A6D093 /* Supporting Files */ = {
			isa = PBXGroup;
			children = (
				F88D8256178C68AF00A6D093 /* Matchisimo-Info.plist */,
				F88D8257178C68AF00A6D093 /* InfoPlist.strings */,
				F88D825A178C68AF00A6D093 /* main.m */,
				F88D825C178C68AF00A6D093 /* Matchisimo-Prefix.pch */,
				F88D8260178C68AF00A6D093 /* Default.png */,
				F88D8262178C68AF00A6D093 /* Default@2x.png */,
				F88D8264178C68AF00A6D093 /* Default-568h@2x.png */,
			);
			name = "Supporting Files";
			sourceTree = "<group>";
		};
/* End PBXGroup section */

/* Begin PBXNativeTarget section */
		F88D824A178C68AF00A6D093 /* Matchisimo */ = {
			isa = PBXNativeTarget;
			buildConfigurationList = F88D826E178C68AF00A6D093 /* Build configuration list for PBXNativeTarget "Matchisimo" */;
			buildPhases = (
				F88D8247178C68AF00A6D093 /* Sources */,
				F88D8248178C68AF00A6D093 /* Frameworks */,
				F88D8249178C68AF00A6D093 /* Resources */,
			);
			buildRules = (
			);
			dependencies = (
			);
			name = Matchisimo;
			productName = Matchisimo;
			productReference = F88D824B178C68AF00A6D093 /* Matchisimo.app */;
			productType = "com.apple.product-type.application";
		};
/* End PBXNativeTarget section */

/* Begin PBXProject section */
		F88D8243178C68AF00A6D093 /* Project object */ = {
			isa = PBXProject;
			attributes = {
				CLASSPREFIX = TP;
				LastUpgradeCheck = 0460;
				ORGANIZATIONNAME = "Timothy Payton";
			};
			buildConfigurationList = F88D8246178C68AF00A6D093 /* Build configuration list for PBXProject "Matchisimo" */;
			compatibilityVersion = "Xcode 3.2";
			developmentRegion = English;
			hasScannedForEncodings = 0;
			knownRegions = (
				en,
			);
			mainGroup = F88D8242178C68AF00A6D093;
			productRefGroup = F88D824C178C68AF00A6D093 /* Products */;
			projectDirPath = "";
			projectRoot = "";
			targets = (
				F88D824A178C68AF00A6D093 /* Matchisimo */,
			);
		};
/* End PBXProject section */

/* Begin PBXResourcesBuildPhase section */
		F88D8249178C68AF00A6D093 /* Resources */ = {
			isa = PBXResourcesBuildPhase;
			buildActionMask = 2147483647;
			files = (
				F88D8259178C68AF00A6D093 /* InfoPlist.strings in Resources */,
				F88D8261178C68AF00A6D093 /* Default.png in Resources */,
				F88D8263178C68AF00A6D093 /* Default@2x.png in Resources */,
				F88D8265178C68AF00A6D093 /* Default-568h@2x.png in Resources */,
				F88D8268178C68AF00A6D093 /* MainStoryboard.storyboard in Resources */,
			);
			runOnlyForDeploymentPostprocessing = 0;
		};
/* End PBXResourcesBuildPhase section */

/* Begin PBXSourcesBuildPhase section */
		F88D8247178C68AF00A6D093 /* Sources */ = {
			isa = PBXSourcesBuildPhase;
			buildActionMask = 2147483647;
			files = (
				F88D825B178C68AF00A6D093 /* main.m in Sources */,
				F88D825F178C68AF00A6D093 /* TPAppDelegate.m in Sources */,
				F88D826B178C68AF00A6D093 /* TPViewController.m in Sources */,
			);
			runOnlyForDeploymentPostprocessing = 0;
		};
/* End PBXSourcesBuildPhase section */

/* Begin PBXVariantGroup section */
		F88D8257178C68AF00A6D093 /* InfoPlist.strings */ = {
			isa = PBXVariantGroup;
			children = (
				F88D8258178C68AF00A6D093 /* en */,
			);
			name = InfoPlist.strings;
			sourceTree = "<group>";
		};
		F88D8266178C68AF00A6D093 /* MainStoryboard.storyboard */ = {
			isa = PBXVariantGroup;
			children = (
				F88D8267178C68AF00A6D093 /* en */,
			);
			name = MainStoryboard.storyboard;
			sourceTree = "<group>";
		};
/* End PBXVariantGroup section */

/* Begin XCBuildConfiguration section */
		F88D826C178C68AF00A6D093 /* Debug */ = {
			isa = XCBuildConfiguration;
			buildSettings = {
				ALWAYS_SEARCH_USER_PATHS = NO;
				CLANG_CXX_LANGUAGE_STANDARD = "gnu++0x";
				CLANG_CXX_LIBRARY = "libc++";
				CLANG_ENABLE_OBJC_ARC = YES;
				CLANG_WARN_CONSTANT_CONVERSION = YES;
				CLANG_WARN_EMPTY_BODY = YES;
				CLANG_WARN_ENUM_CONVERSION = YES;
				CLANG_WARN_INT_CONVERSION = YES;
				CLANG_WARN__DUPLICATE_METHOD_MATCH = YES;
				"CODE_SIGN_IDENTITY[sdk=iphoneos*]" = "iPhone Developer";
				COPY_PHASE_STRIP = NO;
				GCC_C_LANGUAGE_STANDARD = gnu99;
				GCC_DYNAMIC_NO_PIC = NO;
				GCC_OPTIMIZATION_LEVEL = 0;
				GCC_PREPROCESSOR_DEFINITIONS = (
					"DEBUG=1",
					"$(inherited)",
				);
				GCC_SYMBOLS_PRIVATE_EXTERN = NO;
				GCC_WARN_ABOUT_RETURN_TYPE = YES;
				GCC_WARN_UNINITIALIZED_AUTOS = YES;
				GCC_WARN_UNUSED_VARIABLE = YES;
				IPHONEOS_DEPLOYMENT_TARGET = 6.1;
				ONLY_ACTIVE_ARCH = YES;
				SDKROOT = iphoneos;
			};
			name = Debug;
		};
		F88D826D178C68AF00A6D093 /* Release */ = {
			isa = XCBuildConfiguration;
			buildSettings = {
				ALWAYS_SEARCH_USER_PATHS = NO;
				CLANG_CXX_LANGUAGE_STANDARD = "gnu++0x";
				CLANG_CXX_LIBRARY = "libc++";
				CLANG_ENABLE_OBJC_ARC = YES;
				CLANG_WARN_CONSTANT_CONVERSION = YES;
				CLANG_WARN_EMPTY_BODY = YES;
				CLANG_WARN_ENUM_CONVERSION = YES;
				CLANG_WARN_INT_CONVERSION = YES;
				CLANG_WARN__DUPLICATE_METHOD_MATCH = YES;
				"CODE_SIGN_IDENTITY[sdk=iphoneos*]" = "iPhone Developer";
				COPY_PHASE_STRIP = YES;
				GCC_C_LANGUAGE_STANDARD = gnu99;
				GCC_WARN_ABOUT_RETURN_TYPE = YES;
				GCC_WARN_UNINITIALIZED_AUTOS = YES;
				GCC_WARN_UNUSED_VARIABLE = YES;
				IPHONEOS_DEPLOYMENT_TARGET = 6.1;
				OTHER_CFLAGS = "-DNS_BLOCK_ASSERTIONS=1";
				SDKROOT = iphoneos;
				VALIDATE_PRODUCT = YES;
			};
			name = Release;
		};
		F88D826F178C68AF00A6D093 /* Debug */ = {
			isa = XCBuildConfiguration;
			buildSettings = {
				GCC_PRECOMPILE_PREFIX_HEADER = YES;
				GCC_PREFIX_HEADER = "Matchisimo/Matchisimo-Prefix.pch";
				INFOPLIST_FILE = "Matchisimo/Matchisimo-Info.plist";
				PRODUCT_NAME = "$(TARGET_NAME)";
				WRAPPER_EXTENSION = app;
			};
			name = Debug;
		};
		F88D8270178C68AF00A6D093 /* Release */ = {
			isa = XCBuildConfiguration;
			buildSettings = {
				GCC_PRECOMPILE_PREFIX_HEADER = YES;
				GCC_PREFIX_HEADER = "Matchisimo/Matchisimo-Prefix.pch";
				INFOPLIST_FILE = "Matchisimo/Matchisimo-Info.plist";
				PRODUCT_NAME = "$(TARGET_NAME)";
				WRAPPER_EXTENSION = app;
			};
			name = Release;
		};
/* End XCBuildConfiguration section */

/* Begin XCConfigurationList section */
		F88D8246178C68AF00A6D093 /* Build configuration list for PBXProject "Matchisimo" */ = {
			isa = XCConfigurationList;
			buildConfigurations = (
				F88D826C178C68AF00A6D093 /* Debug */,
				F88D826D178C68AF00A6D093 /* Release */,
			);
			defaultConfigurationIsVisible = 0;
			defaultConfigurationName = Release;
		};
		F88D826E178C68AF00A6D093 /* Build configuration list for PBXNativeTarget "Matchisimo" */ = {
			isa = XCConfigurationList;
			buildConfigurations = (
				F88D826F178C68AF00A6D093 /* Debug */,
				F88D8270178C68AF00A6D093 /* Release */,
			);
			defaultConfigurationIsVisible = 0;
		};
/* End XCConfigurationList section */
	};
	rootObject = F88D8243178C68AF00A6D093 /* Project object */;
}
